// !$*UTF8*$!
{
    archiveVersion = 1;
    classes = {};
    objectVersion = 77;
    objects = {
        A00000000000000000000001 = {
            isa = PBXProject;
            attributes = { LastUpgradeCheck = 1600; TargetAttributes = { A00000000000000000000002 = { CreatedOnToolsVersion = 16.0; }; }; };
            buildConfigurationList = A00000000000000000000010;
            compatibilityVersion = "Xcode 16.0";
            developmentRegion = en;
            knownRegions = (en, Base);
            mainGroup = A00000000000000000000003;
            preferredProjectObjectVersion = 77;
            productRefGroup = A00000000000000000000005;
            projectDirPath = "";
            projectRoot = "";
            targets = (A00000000000000000000002);
        };
        A00000000000000000000002 = {
            isa = PBXNativeTarget;
            buildConfigurationList = A00000000000000000000011;
            buildPhases = (A00000000000000000000007, A00000000000000000000008, A00000000000000000000009);
            buildRules = ();
            dependencies = ();
            fileSystemSynchronizedGroups = (A00000000000000000000004);
            name = Glint;
            productName = Glint;
            productReference = A00000000000000000000006;
            productType = "com.apple.product-type.application";
        };
        A00000000000000000000003 = { isa = PBXGroup; children = (A00000000000000000000004, A00000000000000000000005, A00000000000000000000016); sourceTree = "<group>"; };
        A00000000000000000000016 = { isa = PBXFileReference; lastKnownFileType = image.icns; path = Resources/Glint.icns; sourceTree = "<group>"; };
        A00000000000000000000017 = { isa = PBXBuildFile; fileRef = A00000000000000000000016; };
        A00000000000000000000004 = { isa = PBXFileSystemSynchronizedRootGroup; path = Sources; sourceTree = "<group>"; };
        A00000000000000000000005 = { isa = PBXGroup; children = (A00000000000000000000006); name = Products; sourceTree = "<group>"; };
        A00000000000000000000006 = { isa = PBXFileReference; explicitFileType = wrapper.application; path = Glint.app; sourceTree = BUILT_PRODUCTS_DIR; };
        A00000000000000000000007 = { isa = PBXSourcesBuildPhase; buildActionMask = 2147483647; files = (); runOnlyForDeploymentPostprocessing = 0; };
        A00000000000000000000008 = { isa = PBXFrameworksBuildPhase; buildActionMask = 2147483647; files = (); runOnlyForDeploymentPostprocessing = 0; };
        A00000000000000000000009 = { isa = PBXResourcesBuildPhase; buildActionMask = 2147483647; files = (A00000000000000000000017); runOnlyForDeploymentPostprocessing = 0; };
        A00000000000000000000010 = { isa = XCConfigurationList; buildConfigurations = (A00000000000000000000012, A00000000000000000000013); defaultConfigurationIsVisible = 0; defaultConfigurationName = Release; };
        A00000000000000000000011 = { isa = XCConfigurationList; buildConfigurations = (A00000000000000000000014, A00000000000000000000015); defaultConfigurationIsVisible = 0; defaultConfigurationName = Release; };
        A00000000000000000000012 = { isa = XCBuildConfiguration; name = Debug; buildSettings = { SDKROOT = macosx; MACOSX_DEPLOYMENT_TARGET = 14.0; SWIFT_VERSION = 6.0; SWIFT_OPTIMIZATION_LEVEL = "-Onone"; DEBUG_INFORMATION_FORMAT = dwarf; }; };
        A00000000000000000000013 = { isa = XCBuildConfiguration; name = Release; buildSettings = { SDKROOT = macosx; MACOSX_DEPLOYMENT_TARGET = 14.0; SWIFT_VERSION = 6.0; SWIFT_COMPILATION_MODE = wholemodule; DEBUG_INFORMATION_FORMAT = "dwarf-with-dsym"; }; };
        A00000000000000000000014 = { isa = XCBuildConfiguration; name = Debug; buildSettings = { PRODUCT_BUNDLE_IDENTIFIER = com.glint.assistant; PRODUCT_NAME = "$(TARGET_NAME)"; INFOPLIST_FILE = Resources/Info.plist; CODE_SIGN_IDENTITY = "-"; CODE_SIGN_STYLE = Manual; ENABLE_APP_SANDBOX = NO; }; };
        A00000000000000000000015 = { isa = XCBuildConfiguration; name = Release; buildSettings = { PRODUCT_BUNDLE_IDENTIFIER = com.glint.assistant; PRODUCT_NAME = "$(TARGET_NAME)"; INFOPLIST_FILE = Resources/Info.plist; CODE_SIGN_IDENTITY = "-"; CODE_SIGN_STYLE = Manual; ENABLE_APP_SANDBOX = NO; }; };
    };
    rootObject = A00000000000000000000001;
}
